// !$*UTF8*$!
{
	archiveVersion = 1;
	classes = {
	};
	objectVersion = 50;
	objects = {

/* Begin PBXBuildFile section */
		73E36CE39A559476EDB3EF3B /* libPods-sNav.a in Frameworks */ = {isa = PBXBuildFile; fileRef = A4A2C72AAF12F56368B1781A /* libPods-sNav.a */; };
		C71D74542089776100692950 /* AppDelegate.m in Sources */ = {isa = PBXBuildFile; fileRef = C71D74532089776100692950 /* AppDelegate.m */; };
		C71D74572089776100692950 /* ViewController.m in Sources */ = {isa = PBXBuildFile; fileRef = C71D74562089776100692950 /* ViewController.m */; };
		C71D745A2089776100692950 /* Main.storyboard in Resources */ = {isa = PBXBuildFile; fileRef = C71D74582089776100692950 /* Main.storyboard */; };
		C71D745C2089776200692950 /* Assets.xcassets in Resources */ = {isa = PBXBuildFile; fileRef = C71D745B2089776200692950 /* Assets.xcassets */; };
		C71D745F2089776200692950 /* LaunchScreen.storyboard in Resources */ = {isa = PBXBuildFile; fileRef = C71D745D2089776200692950 /* LaunchScreen.storyboard */; };
		C71D74622089776200692950 /* main.m in Sources */ = {isa = PBXBuildFile; fileRef = C71D74612089776200692950 /* main.m */; };
		C71D746C2089776200692950 /* sNavTests.m in Sources */ = {isa = PBXBuildFile; fileRef = C71D746B2089776200692950 /* sNavTests.m */; };
		C71D74772089776200692950 /* sNavUITests.m in Sources */ = {isa = PBXBuildFile; fileRef = C71D74762089776200692950 /* sNavUITests.m */; };
/* End PBXBuildFile section */

/* Begin PBXContainerItemProxy section */
		C71D74682089776200692950 /* PBXContainerItemProxy */ = {
			isa = PBXContainerItemProxy;
			containerPortal = C71D74472089776100692950 /* Project object */;
			proxyType = 1;
			remoteGlobalIDString = C71D744E2089776100692950;
			remoteInfo = sNav;
		};
		C71D74732089776200692950 /* PBXContainerItemProxy */ = {
			isa = PBXContainerItemProxy;
			containerPortal = C71D74472089776100692950 /* Project object */;
			proxyType = 1;
			remoteGlobalIDString = C71D744E2089776100692950;
			remoteInfo = sNav;
		};
/* End PBXContainerItemProxy section */

/* Begin PBXFileReference section */
		A4A2C72AAF12F56368B1781A /* libPods-sNav.a */ = {isa = PBXFileReference; explicitFileType = archive.ar; includeInIndex = 0; path = "libPods-sNav.a"; sourceTree = BUILT_PRODUCTS_DIR; };
		AEDEDC555E556AA3489CE4BB /* Pods-sNav.release.xcconfig */ = {isa = PBXFileReference; includeInIndex = 1; lastKnownFileType = text.xcconfig; name = "Pods-sNav.release.xcconfig"; path = "Pods/Target Support Files/Pods-sNav/Pods-sNav.release.xcconfig"; sourceTree = "<group>"; };
		C16936CD3020E5C8F6906DEE /* Pods-sNav.debug.xcconfig */ = {isa = PBXFileReference; includeInIndex = 1; lastKnownFileType = text.xcconfig; name = "Pods-sNav.debug.xcconfig"; path = "Pods/Target Support Files/Pods-sNav/Pods-sNav.debug.xcconfig"; sourceTree = "<group>"; };
		C71D744F2089776100692950 /* sNav.app */ = {isa = PBXFileReference; explicitFileType = wrapper.application; includeInIndex = 0; path = sNav.app; sourceTree = BUILT_PRODUCTS_DIR; };
		C71D74522089776100692950 /* AppDelegate.h */ = {isa = PBXFileReference; lastKnownFileType = sourcecode.c.h; path = AppDelegate.h; sourceTree = "<group>"; };
		C71D74532089776100692950 /* AppDelegate.m */ = {isa = PBXFileReference; lastKnownFileType = sourcecode.c.objc; path = AppDelegate.m; sourceTree = "<group>"; };
		C71D74552089776100692950 /* ViewController.h */ = {isa = PBXFileReference; lastKnownFileType = sourcecode.c.h; path = ViewController.h; sourceTree = "<group>"; };
		C71D74562089776100692950 /* ViewController.m */ = {isa = PBXFileReference; lastKnownFileType = sourcecode.c.objc; path = ViewController.m; sourceTree = "<group>"; };
		C71D74592089776100692950 /* Base */ = {isa = PBXFileReference; lastKnownFileType = file.storyboard; name = Base; path = Base.lproj/Main.storyboard; sourceTree = "<group>"; };
		C71D745B2089776200692950 /* Assets.xcassets */ = {isa = PBXFileReference; lastKnownFileType = folder.assetcatalog; path = Assets.xcassets; sourceTree = "<group>"; };
		C71D745E2089776200692950 /* Base */ = {isa = PBXFileReference; lastKnownFileType = file.storyboard; name = Base; path = Base.lproj/LaunchScreen.storyboard; sourceTree = "<group>"; };
		C71D74602089776200692950 /* Info.plist */ = {isa = PBXFileReference; lastKnownFileType = text.plist.xml; path = Info.plist; sourceTree = "<group>"; };
		C71D74612089776200692950 /* main.m */ = {isa = PBXFileReference; lastKnownFileType = sourcecode.c.objc; path = main.m; sourceTree = "<group>"; };
		C71D74672089776200692950 /* sNavTests.xctest */ = {isa = PBXFileReference; explicitFileType = wrapper.cfbundle; includeInIndex = 0; path = sNavTests.xctest; sourceTree = BUILT_PRODUCTS_DIR; };
		C71D746B2089776200692950 /* sNavTests.m */ = {isa = PBXFileReference; lastKnownFileType = sourcecode.c.objc; path = sNavTests.m; sourceTree = "<group>"; };
		C71D746D2089776200692950 /* Info.plist */ = {isa = PBXFileReference; lastKnownFileType = text.plist.xml; path = Info.plist; sourceTree = "<group>"; };
		C71D74722089776200692950 /* sNavUITests.xctest */ = {isa = PBXFileReference; explicitFileType = wrapper.cfbundle; includeInIndex = 0; path = sNavUITests.xctest; sourceTree = BUILT_PRODUCTS_DIR; };
		C71D74762089776200692950 /* sNavUITests.m */ = {isa = PBXFileReference; lastKnownFileType = sourcecode.c.objc; path = sNavUITests.m; sourceTree = "<group>"; };
		C71D74782089776300692950 /* Info.plist */ = {isa = PBXFileReference; lastKnownFileType = text.plist.xml; path = Info.plist; sourceTree = "<group>"; };
/* End PBXFileReference section */

/* Begin PBXFrameworksBuildPhase section */
		C71D744C2089776100692950 /* Frameworks */ = {
			isa = PBXFrameworksBuildPhase;
			buildActionMask = 2147483647;
			files = (
				73E36CE39A559476EDB3EF3B /* libPods-sNav.a in Frameworks */,
			);
			runOnlyForDeploymentPostprocessing = 0;
		};
		C71D74642089776200692950 /* Frameworks */ = {
			isa = PBXFrameworksBuildPhase;
			buildActionMask = 2147483647;
			files = (
			);
			runOnlyForDeploymentPostprocessing = 0;
		};
		C71D746F2089776200692950 /* Frameworks */ = {
			isa = PBXFrameworksBuildPhase;
			buildActionMask = 2147483647;
			files = (
			);
			runOnlyForDeploymentPostprocessing = 0;
		};
/* End PBXFrameworksBuildPhase section */

/* Begin PBXGroup section */
		1F7B00E5E4BC1AC4A7E392E0 /* Pods */ = {
			isa = PBXGroup;
			children = (
				C16936CD3020E5C8F6906DEE /* Pods-sNav.debug.xcconfig */,
				AEDEDC555E556AA3489CE4BB /* Pods-sNav.release.xcconfig */,
			);
			name = Pods;
			sourceTree = "<group>";
		};
		C71D74462089776100692950 = {
			isa = PBXGroup;
			children = (
				C71D74512089776100692950 /* sNav */,
				C71D746A2089776200692950 /* sNavTests */,
				C71D74752089776200692950 /* sNavUITests */,
				C71D74502089776100692950 /* Products */,
				1F7B00E5E4BC1AC4A7E392E0 /* Pods */,
				F41BF06A21427F5B290EA954 /* Frameworks */,
			);
			sourceTree = "<group>";
		};
		C71D74502089776100692950 /* Products */ = {
			isa = PBXGroup;
			children = (
				C71D744F2089776100692950 /* sNav.app */,
				C71D74672089776200692950 /* sNavTests.xctest */,
				C71D74722089776200692950 /* sNavUITests.xctest */,
			);
			name = Products;
			sourceTree = "<group>";
		};
		C71D74512089776100692950 /* sNav */ = {
			isa = PBXGroup;
			children = (
				C71D74522089776100692950 /* AppDelegate.h */,
				C71D74532089776100692950 /* AppDelegate.m */,
				C71D74552089776100692950 /* ViewController.h */,
				C71D74562089776100692950 /* ViewController.m */,
				C71D74582089776100692950 /* Main.storyboard */,
				C71D745B2089776200692950 /* Assets.xcassets */,
				C71D745D2089776200692950 /* LaunchScreen.storyboard */,
				C71D74602089776200692950 /* Info.plist */,
				C71D74612089776200692950 /* main.m */,
			);
			path = sNav;
			sourceTree = "<group>";
		};
		C71D746A2089776200692950 /* sNavTests */ = {
			isa = PBXGroup;
			children = (
				C71D746B2089776200692950 /* sNavTests.m */,
				C71D746D2089776200692950 /* Info.plist */,
			);
			path = sNavTests;
			sourceTree = "<group>";
		};
		C71D74752089776200692950 /* sNavUITests */ = {
			isa = PBXGroup;
			children = (
				C71D74762089776200692950 /* sNavUITests.m */,
				C71D74782089776300692950 /* Info.plist */,
			);
			path = sNavUITests;
			sourceTree = "<group>";
		};
		F41BF06A21427F5B290EA954 /* Frameworks */ = {
			isa = PBXGroup;
			children = (
				A4A2C72AAF12F56368B1781A /* libPods-sNav.a */,
			);
			name = Frameworks;
			sourceTree = "<group>";
		};
/* End PBXGroup section */

/* Begin PBXNativeTarget section */
		C71D744E2089776100692950 /* sNav */ = {
			isa = PBXNativeTarget;
			buildConfigurationList = C71D747B2089776300692950 /* Build configuration list for PBXNativeTarget "sNav" */;
			buildPhases = (
				9521C7444C69E9EA2A94989C /* [CP] Check Pods Manifest.lock */,
				C71D744B2089776100692950 /* Sources */,
				C71D744C2089776100692950 /* Frameworks */,
				C71D744D2089776100692950 /* Resources */,
			);
			buildRules = (
			);
			dependencies = (
			);
			name = sNav;
			productName = sNav;
			productReference = C71D744F2089776100692950 /* sNav.app */;
			productType = "com.apple.product-type.application";
		};
		C71D74662089776200692950 /* sNavTests */ = {
			isa = PBXNativeTarget;
			buildConfigurationList = C71D747E2089776300692950 /* Build configuration list for PBXNativeTarget "sNavTests" */;
			buildPhases = (
				C71D74632089776200692950 /* Sources */,
				C71D74642089776200692950 /* Frameworks */,
				C71D74652089776200692950 /* Resources */,
			);
			buildRules = (
			);
			dependencies = (
				C71D74692089776200692950 /* PBXTargetDependency */,
			);
			name = sNavTests;
			productName = sNavTests;
			productReference = C71D74672089776200692950 /* sNavTests.xctest */;
			productType = "com.apple.product-type.bundle.unit-test";
		};
		C71D74712089776200692950 /* sNavUITests */ = {
			isa = PBXNativeTarget;
			buildConfigurationList = C71D74812089776300692950 /* Build configuration list for PBXNativeTarget "sNavUITests" */;
			buildPhases = (
				C71D746E2089776200692950 /* Sources */,
				C71D746F2089776200692950 /* Frameworks */,
				C71D74702089776200692950 /* Resources */,
			);
			buildRules = (
			);
			dependencies = (
				C71D74742089776200692950 /* PBXTargetDependency */,
			);
			name = sNavUITests;
			productName = sNavUITests;
			productReference = C71D74722089776200692950 /* sNavUITests.xctest */;
			productType = "com.apple.product-type.bundle.ui-testing";
		};
/* End PBXNativeTarget section */

/* Begin PBXProject section */
		C71D74472089776100692950 /* Project object */ = {
			isa = PBXProject;
			attributes = {
				LastUpgradeCheck = 0930;
				ORGANIZATIONNAME = "龙飞马";
				TargetAttributes = {
					C71D744E2089776100692950 = {
						CreatedOnToolsVersion = 9.3;
					};
					C71D74662089776200692950 = {
						CreatedOnToolsVersion = 9.3;
						TestTargetID = C71D744E2089776100692950;
					};
					C71D74712089776200692950 = {
						CreatedOnToolsVersion = 9.3;
						TestTargetID = C71D744E2089776100692950;
					};
				};
			};
			buildConfigurationList = C71D744A2089776100692950 /* Build configuration list for PBXProject "sNav" */;
			compatibilityVersion = "Xcode 9.3";
			developmentRegion = en;
			hasScannedForEncodings = 0;
			knownRegions = (
				en,
				Base,
			);
			mainGroup = C71D74462089776100692950;
			productRefGroup = C71D74502089776100692950 /* Products */;
			projectDirPath = "";
			projectRoot = "";
			targets = (
				C71D744E2089776100692950 /* sNav */,
				C71D74662089776200692950 /* sNavTests */,
				C71D74712089776200692950 /* sNavUITests */,
			);
		};
/* End PBXProject section */

/* Begin PBXResourcesBuildPhase section */
		C71D744D2089776100692950 /* Resources */ = {
			isa = PBXResourcesBuildPhase;
			buildActionMask = 2147483647;
			files = (
				C71D745F2089776200692950 /* LaunchScreen.storyboard in Resources */,
				C71D745C2089776200692950 /* Assets.xcassets in Resources */,
				C71D745A2089776100692950 /* Main.storyboard in Resources */,
			);
			runOnlyForDeploymentPostprocessing = 0;
		};
		C71D74652089776200692950 /* Resources */ = {
			isa = PBXResourcesBuildPhase;
			buildActionMask = 2147483647;
			files = (
			);
			runOnlyForDeploymentPostprocessing = 0;
		};
		C71D74702089776200692950 /* Resources */ = {
			isa = PBXResourcesBuildPhase;
			buildActionMask = 2147483647;
			files = (
			);
			runOnlyForDeploymentPostprocessing = 0;
		};
/* End PBXResourcesBuildPhase section */

/* Begin PBXShellScriptBuildPhase section */
		9521C7444C69E9EA2A94989C /* [CP] Check Pods Manifest.lock */ = {
			isa = PBXShellScriptBuildPhase;
			buildActionMask = 2147483647;
			files = (
			);
			inputPaths = (
				"${PODS_PODFILE_DIR_PATH}/Podfile.lock",
				"${PODS_ROOT}/Manifest.lock",
			);
			name = "[CP] Check Pods Manifest.lock";
			outputPaths = (
				"$(DERIVED_FILE_DIR)/Pods-sNav-checkManifestLockResult.txt",
			);
			runOnlyForDeploymentPostprocessing = 0;
			shellPath = /bin/sh;
			shellScript = "diff \"${PODS_PODFILE_DIR_PATH}/Podfile.lock\" \"${PODS_ROOT}/Manifest.lock\" > /dev/null\nif [ $? != 0 ] ; then\n    # print error to STDERR\n    echo \"error: The sandbox is not in sync with the Podfile.lock. Run 'pod install' or update your CocoaPods installation.\" >&2\n    exit 1\nfi\n# This output is used by Xcode 'outputs' to avoid re-running this script phase.\necho \"SUCCESS\" > \"${SCRIPT_OUTPUT_FILE_0}\"\n";
			showEnvVarsInLog = 0;
		};
/* End PBXShellScriptBuildPhase section */

/* Begin PBXSourcesBuildPhase section */
		C71D744B2089776100692950 /* Sources */ = {
			isa = PBXSourcesBuildPhase;
			buildActionMask = 2147483647;
			files = (
				C71D74572089776100692950 /* ViewController.m in Sources */,
				C71D74622089776200692950 /* main.m in Sources */,
				C71D74542089776100692950 /* AppDelegate.m in Sources */,
			);
			runOnlyForDeploymentPostprocessing = 0;
		};
		C71D74632089776200692950 /* Sources */ = {
			isa = PBXSourcesBuildPhase;
			buildActionMask = 2147483647;
			files = (
				C71D746C2089776200692950 /* sNavTests.m in Sources */,
			);
			runOnlyForDeploymentPostprocessing = 0;
		};
		C71D746E2089776200692950 /* Sources */ = {
			isa = PBXSourcesBuildPhase;
			buildActionMask = 2147483647;
			files = (
				C71D74772089776200692950 /* sNavUITests.m in Sources */,
			);
			runOnlyForDeploymentPostprocessing = 0;
		};
/* End PBXSourcesBuildPhase section */

/* Begin PBXTargetDependency section */
		C71D74692089776200692950 /* PBXTargetDependency */ = {
			isa = PBXTargetDependency;
			target = C71D744E2089776100692950 /* sNav */;
			targetProxy = C71D74682089776200692950 /* PBXContainerItemProxy */;
		};
		C71D74742089776200692950 /* PBXTargetDependency */ = {
			isa = PBXTargetDependency;
			target = C71D744E2089776100692950 /* sNav */;
			targetProxy = C71D74732089776200692950 /* PBXContainerItemProxy */;
		};
/* End PBXTargetDependency section */

/* Begin PBXVariantGroup section */
		C71D74582089776100692950 /* Main.storyboard */ = {
			isa = PBXVariantGroup;
			children = (
				C71D74592089776100692950 /* Base */,
			);
			name = Main.storyboard;
			sourceTree = "<group>";
		};
		C71D745D2089776200692950 /* LaunchScreen.storyboard */ = {
			isa = PBXVariantGroup;
			children = (
				C71D745E2089776200692950 /* Base */,
			);
			name = LaunchScreen.storyboard;
			sourceTree = "<group>";
		};
/* End PBXVariantGroup section */

/* Begin XCBuildConfiguration section */
		C71D74792089776300692950 /* Debug */ = {
			isa = XCBuildConfiguration;
			buildSettings = {
				ALWAYS_SEARCH_USER_PATHS = NO;
				CLANG_ANALYZER_NONNULL = YES;
				CLANG_ANALYZER_NUMBER_OBJECT_CONVERSION = YES_AGGRESSIVE;
				CLANG_CXX_LANGUAGE_STANDARD = "gnu++14";
				CLANG_CXX_LIBRARY = "libc++";
				CLANG_ENABLE_MODULES = YES;
				CLANG_ENABLE_OBJC_ARC = YES;
				CLANG_ENABLE_OBJC_WEAK = YES;
				CLANG_WARN_BLOCK_CAPTURE_AUTORELEASING = YES;
				CLANG_WARN_BOOL_CONVERSION = YES;
				CLANG_WARN_COMMA = YES;
				CLANG_WARN_CONSTANT_CONVERSION = YES;
				CLANG_WARN_DEPRECATED_OBJC_IMPLEMENTATIONS = YES;
				CLANG_WARN_DIRECT_OBJC_ISA_USAGE = YES_ERROR;
				CLANG_WARN_DOCUMENTATION_COMMENTS = YES;
				CLANG_WARN_EMPTY_BODY = YES;
				CLANG_WARN_ENUM_CONVERSION = YES;
				CLANG_WARN_INFINITE_RECURSION = YES;
				CLANG_WARN_INT_CONVERSION = YES;
				CLANG_WARN_NON_LITERAL_NULL_CONVERSION = YES;
				CLANG_WARN_OBJC_IMPLICIT_RETAIN_SELF = YES;
				CLANG_WARN_OBJC_LITERAL_CONVERSION = YES;
				CLANG_WARN_OBJC_ROOT_CLASS = YES_ERROR;
				CLANG_WARN_RANGE_LOOP_ANALYSIS = YES;
				CLANG_WARN_STRICT_PROTOTYPES = YES;
				CLANG_WARN_SUSPICIOUS_MOVE = YES;
				CLANG_WARN_UNGUARDED_AVAILABILITY = YES_AGGRESSIVE;
				CLANG_WARN_UNREACHABLE_CODE = YES;
				CLANG_WARN__DUPLICATE_METHOD_MATCH = YES;
				CODE_SIGN_IDENTITY = "iPhone Developer";
				COPY_PHASE_STRIP = NO;
				DEBUG_INFORMATION_FORMAT = dwarf;
				ENABLE_STRICT_OBJC_MSGSEND = YES;
				ENABLE_TESTABILITY = YES;
				GCC_C_LANGUAGE_STANDARD = gnu11;
				GCC_DYNAMIC_NO_PIC = NO;
				GCC_NO_COMMON_BLOCKS = YES;
				GCC_OPTIMIZATION_LEVEL = 0;
				GCC_PREPROCESSOR_DEFINITIONS = (
					"DEBUG=1",
					"$(inherited)",
				);
				GCC_WARN_64_TO_32_BIT_CONVERSION = YES;
				GCC_WARN_ABOUT_RETURN_TYPE = YES_ERROR;
				GCC_WARN_UNDECLARED_SELECTOR = YES;
				GCC_WARN_UNINITIALIZED_AUTOS = YES_AGGRESSIVE;
				GCC_WARN_UNUSED_FUNCTION = YES;
				GCC_WARN_UNUSED_VARIABLE = YES;
				IPHONEOS_DEPLOYMENT_TARGET = 11.3;
				MTL_ENABLE_DEBUG_INFO = YES;
				ONLY_ACTIVE_ARCH = YES;
				SDKROOT = iphoneos;
			};
			name = Debug;
		};
		C71D747A2089776300692950 /* Release */ = {
			isa = XCBuildConfiguration;
			buildSettings = {
				ALWAYS_SEARCH_USER_PATHS = NO;
				CLANG_ANALYZER_NONNULL = YES;
				CLANG_ANALYZER_NUMBER_OBJECT_CONVERSION = YES_AGGRESSIVE;
				CLANG_CXX_LANGUAGE_STANDARD = "gnu++14";
				CLANG_CXX_LIBRARY = "libc++";
				CLANG_ENABLE_MODULES = YES;
				CLANG_ENABLE_OBJC_ARC = YES;
				CLANG_ENABLE_OBJC_WEAK = YES;
				CLANG_WARN_BLOCK_CAPTURE_AUTORELEASING = YES;
				CLANG_WARN_BOOL_CONVERSION = YES;
				CLANG_WARN_COMMA = YES;
				CLANG_WARN_CONSTANT_CONVERSION = YES;
				CLANG_WARN_DEPRECATED_OBJC_IMPLEMENTATIONS = YES;
				CLANG_WARN_DIRECT_OBJC_ISA_USAGE = YES_ERROR;
				CLANG_WARN_DOCUMENTATION_COMMENTS = YES;
				CLANG_WARN_EMPTY_BODY = YES;
				CLANG_WARN_ENUM_CONVERSION = YES;
				CLANG_WARN_INFINITE_RECURSION = YES;
				CLANG_WARN_INT_CONVERSION = YES;
				CLANG_WARN_NON_LITERAL_NULL_CONVERSION = YES;
				CLANG_WARN_OBJC_IMPLICIT_RETAIN_SELF = YES;
				CLANG_WARN_OBJC_LITERAL_CONVERSION = YES;
				CLANG_WARN_OBJC_ROOT_CLASS = YES_ERROR;
				CLANG_WARN_RANGE_LOOP_ANALYSIS = YES;
				CLANG_WARN_STRICT_PROTOTYPES = YES;
				CLANG_WARN_SUSPICIOUS_MOVE = YES;
				CLANG_WARN_UNGUARDED_AVAILABILITY = YES_AGGRESSIVE;
				CLANG_WARN_UNREACHABLE_CODE = YES;
				CLANG_WARN__DUPLICATE_METHOD_MATCH = YES;
				CODE_SIGN_IDENTITY = "iPhone Developer";
				COPY_PHASE_STRIP = NO;
				DEBUG_INFORMATION_FORMAT = "dwarf-with-dsym";
				ENABLE_NS_ASSERTIONS = NO;
				ENABLE_STRICT_OBJC_MSGSEND = YES;
				GCC_C_LANGUAGE_STANDARD = gnu11;
				GCC_NO_COMMON_BLOCKS = YES;
				GCC_WARN_64_TO_32_BIT_CONVERSION = YES;
				GCC_WARN_ABOUT_RETURN_TYPE = YES_ERROR;
				GCC_WARN_UNDECLARED_SELECTOR = YES;
				GCC_WARN_UNINITIALIZED_AUTOS = YES_AGGRESSIVE;
				GCC_WARN_UNUSED_FUNCTION = YES;
				GCC_WARN_UNUSED_VARIABLE = YES;
				IPHONEOS_DEPLOYMENT_TARGET = 11.3;
				MTL_ENABLE_DEBUG_INFO = NO;
				SDKROOT = iphoneos;
				VALIDATE_PRODUCT = YES;
			};
			name = Release;
		};
		C71D747C2089776300692950 /* Debug */ = {
			isa = XCBuildConfiguration;
			baseConfigurationReference = C16936CD3020E5C8F6906DEE /* Pods-sNav.debug.xcconfig */;
			buildSettings = {
				ASSETCATALOG_COMPILER_APPICON_NAME = AppIcon;
				CODE_SIGN_STYLE = Automatic;
				DEVELOPMENT_TEAM = K5LW28A78P;
				INFOPLIST_FILE = sNav/Info.plist;
				LD_RUNPATH_SEARCH_PATHS = "$(inherited) @executable_path/Frameworks";
				PRODUCT_BUNDLE_IDENTIFIER = com.seven.sNav;
				PRODUCT_NAME = "$(TARGET_NAME)";
				TARGETED_DEVICE_FAMILY = "1,2";
			};
			name = Debug;
		};
		C71D747D2089776300692950 /* Release */ = {
			isa = XCBuildConfiguration;
			baseConfigurationReference = AEDEDC555E556AA3489CE4BB /* Pods-sNav.release.xcconfig */;
			buildSettings = {
				ASSETCATALOG_COMPILER_APPICON_NAME = AppIcon;
				CODE_SIGN_STYLE = Automatic;
				DEVELOPMENT_TEAM = K5LW28A78P;
				INFOPLIST_FILE = sNav/Info.plist;
				LD_RUNPATH_SEARCH_PATHS = "$(inherited) @executable_path/Frameworks";
				PRODUCT_BUNDLE_IDENTIFIER = com.seven.sNav;
				PRODUCT_NAME = "$(TARGET_NAME)";
				TARGETED_DEVICE_FAMILY = "1,2";
			};
			name = Release;
		};
		C71D747F2089776300692950 /* Debug */ = {
			isa = XCBuildConfiguration;
			buildSettings = {
				BUNDLE_LOADER = "$(TEST_HOST)";
				CODE_SIGN_STYLE = Automatic;
				DEVELOPMENT_TEAM = K5LW28A78P;
				INFOPLIST_FILE = sNavTests/Info.plist;
				LD_RUNPATH_SEARCH_PATHS = "$(inherited) @executable_path/Frameworks @loader_path/Frameworks";
				PRODUCT_BUNDLE_IDENTIFIER = com.seven.sNavTests;
				PRODUCT_NAME = "$(TARGET_NAME)";
				TARGETED_DEVICE_FAMILY = "1,2";
				TEST_HOST = "$(BUILT_PRODUCTS_DIR)/sNav.app/sNav";
			};
			name = Debug;
		};
		C71D74802089776300692950 /* Release */ = {
			isa = XCBuildConfiguration;
			buildSettings = {
				BUNDLE_LOADER = "$(TEST_HOST)";
				CODE_SIGN_STYLE = Automatic;
				DEVELOPMENT_TEAM = K5LW28A78P;
				INFOPLIST_FILE = sNavTests/Info.plist;
				LD_RUNPATH_SEARCH_PATHS = "$(inherited) @executable_path/Frameworks @loader_path/Frameworks";
				PRODUCT_BUNDLE_IDENTIFIER = com.seven.sNavTests;
				PRODUCT_NAME = "$(TARGET_NAME)";
				TARGETED_DEVICE_FAMILY = "1,2";
				TEST_HOST = "$(BUILT_PRODUCTS_DIR)/sNav.app/sNav";
			};
			name = Release;
		};
		C71D74822089776300692950 /* Debug */ = {
			isa = XCBuildConfiguration;
			buildSettings = {
				CODE_SIGN_STYLE = Automatic;
				DEVELOPMENT_TEAM = K5LW28A78P;
				INFOPLIST_FILE = sNavUITests/Info.plist;
				LD_RUNPATH_SEARCH_PATHS = "$(inherited) @executable_path/Frameworks @loader_path/Frameworks";
				PRODUCT_BUNDLE_IDENTIFIER = com.seven.sNavUITests;
				PRODUCT_NAME = "$(TARGET_NAME)";
				TARGETED_DEVICE_FAMILY = "1,2";
				TEST_TARGET_NAME = sNav;
			};
			name = Debug;
		};
		C71D74832089776300692950 /* Release */ = {
			isa = XCBuildConfiguration;
			buildSettings = {
				CODE_SIGN_STYLE = Automatic;
				DEVELOPMENT_TEAM = K5LW28A78P;
				INFOPLIST_FILE = sNavUITests/Info.plist;
				LD_RUNPATH_SEARCH_PATHS = "$(inherited) @executable_path/Frameworks @loader_path/Frameworks";
				PRODUCT_BUNDLE_IDENTIFIER = com.seven.sNavUITests;
				PRODUCT_NAME = "$(TARGET_NAME)";
				TARGETED_DEVICE_FAMILY = "1,2";
				TEST_TARGET_NAME = sNav;
			};
			name = Release;
		};
/* End XCBuildConfiguration section */

/* Begin XCConfigurationList section */
		C71D744A2089776100692950 /* Build configuration list for PBXProject "sNav" */ = {
			isa = XCConfigurationList;
			buildConfigurations = (
				C71D74792089776300692950 /* Debug */,
				C71D747A2089776300692950 /* Release */,
			);
			defaultConfigurationIsVisible = 0;
			defaultConfigurationName = Release;
		};
		C71D747B2089776300692950 /* Build configuration list for PBXNativeTarget "sNav" */ = {
			isa = XCConfigurationList;
			buildConfigurations = (
				C71D747C2089776300692950 /* Debug */,
				C71D747D2089776300692950 /* Release */,
			);
			defaultConfigurationIsVisible = 0;
			defaultConfigurationName = Release;
		};
		C71D747E2089776300692950 /* Build configuration list for PBXNativeTarget "sNavTests" */ = {
			isa = XCConfigurationList;
			buildConfigurations = (
				C71D747F2089776300692950 /* Debug */,
				C71D74802089776300692950 /* Release */,
			);
			defaultConfigurationIsVisible = 0;
			defaultConfigurationName = Release;
		};
		C71D74812089776300692950 /* Build configuration list for PBXNativeTarget "sNavUITests" */ = {
			isa = XCConfigurationList;
			buildConfigurations = (
				C71D74822089776300692950 /* Debug */,
				C71D74832089776300692950 /* Release */,
			);
			defaultConfigurationIsVisible = 0;
			defaultConfigurationName = Release;
		};
/* End XCConfigurationList section */
	};
	rootObject = C71D74472089776100692950 /* Project object */;
}
